
Microsoft Visual Studio Solution File, Format Version 12.00
# Visual Studio 15
VisualStudioVersion = 15.0.28307.329
MinimumVisualStudioVersion = 10.0.40219.1
Project("{9092AA53-FB77-4645-B42D-1CCCA6BD08BD}") = "DSDeviceDetection", "DSDeviceDetection\DSDeviceDetection.njsproj", "{D00759BB-C4FD-432E-A9B5-5E400CEE3CE2}"
EndProject
Global
	GlobalSection(SolutionConfigurationPlatforms) = preSolution
		Debug|Any CPU = Debug|Any CPU
		Release|Any CPU = Release|Any CPU
	EndGlobalSection
	GlobalSection(ProjectConfigurationPlatforms) = postSolution
		{D00759BB-C4FD-432E-A9B5-5E400CEE3CE2}.Debug|Any CPU.ActiveCfg = Debug|Any CPU
		{D00759BB-C4FD-432E-A9B5-5E400CEE3CE2}.Debug|Any CPU.Build.0 = Debug|Any CPU
		{D00759BB-C4FD-432E-A9B5-5E400CEE3CE2}.Release|Any CPU.ActiveCfg = Release|Any CPU
		{D00759BB-C4FD-432E-A9B5-5E400CEE3CE2}.Release|Any CPU.Build.0 = Release|Any CPU
	EndGlobalSection
	GlobalSection(SolutionProperties) = preSolution
		HideSolutionNode = FALSE
	EndGlobalSection
	GlobalSection(ExtensibilityGlobals) = postSolution
		SolutionGuid = {6BC1EE8C-6E96-41EC-8BAC-470BE010952A}
	EndGlobalSection
EndGlobal
